// !$*UTF8*$!
{
	archiveVersion = 1;
	classes = {
	};
	objectVersion = 50;
	objects = {

/* Begin PBXBuildFile section */
		2D053B4624FBE357005C193D /* AppDelegate.swift in Sources */ = {isa = PBXBuildFile; fileRef = 2D053B4524FBE357005C193D /* AppDelegate.swift */; };
		2D053B4824FBE357005C193D /* SceneDelegate.swift in Sources */ = {isa = PBXBuildFile; fileRef = 2D053B4724FBE357005C193D /* SceneDelegate.swift */; };
		2D053B4A24FBE357005C193D /* ViewController.swift in Sources */ = {isa = PBXBuildFile; fileRef = 2D053B4924FBE357005C193D /* ViewController.swift */; };
		2D053B4D24FBE357005C193D /* Main.storyboard in Resources */ = {isa = PBXBuildFile; fileRef = 2D053B4B24FBE357005C193D /* Main.storyboard */; };
		2D053B4F24FBE358005C193D /* Assets.xcassets in Resources */ = {isa = PBXBuildFile; fileRef = 2D053B4E24FBE358005C193D /* Assets.xcassets */; };
		2D053B5224FBE358005C193D /* LaunchScreen.storyboard in Resources */ = {isa = PBXBuildFile; fileRef = 2D053B5024FBE358005C193D /* LaunchScreen.storyboard */; };
		2D053B5D24FBE358005C193D /* Input_ListenerUITests.swift in Sources */ = {isa = PBXBuildFile; fileRef = 2D053B5C24FBE358005C193D /* Input_ListenerUITests.swift */; };
		2D053B6924FBE384005C193D /* EBInput.swift in Sources */ = {isa = PBXBuildFile; fileRef = 2D053B6824FBE384005C193D /* EBInput.swift */; };
		2D053B6B24FBE38E005C193D /* EBInput.xib in Resources */ = {isa = PBXBuildFile; fileRef = 2D053B6A24FBE38E005C193D /* EBInput.xib */; };
/* End PBXBuildFile section */

/* Begin PBXContainerItemProxy section */
		2D053B5924FBE358005C193D /* PBXContainerItemProxy */ = {
			isa = PBXContainerItemProxy;
			containerPortal = 2D053B3A24FBE357005C193D /* Project object */;
			proxyType = 1;
			remoteGlobalIDString = 2D053B4124FBE357005C193D;
			remoteInfo = "Input Listener";
		};
/* End PBXContainerItemProxy section */

/* Begin PBXFileReference section */
		2D053B4224FBE357005C193D /* Input Listener.app */ = {isa = PBXFileReference; explicitFileType = wrapper.application; includeInIndex = 0; path = "Input Listener.app"; sourceTree = BUILT_PRODUCTS_DIR; };
		2D053B4524FBE357005C193D /* AppDelegate.swift */ = {isa = PBXFileReference; lastKnownFileType = sourcecode.swift; path = AppDelegate.swift; sourceTree = "<group>"; };
		2D053B4724FBE357005C193D /* SceneDelegate.swift */ = {isa = PBXFileReference; lastKnownFileType = sourcecode.swift; path = SceneDelegate.swift; sourceTree = "<group>"; };
		2D053B4924FBE357005C193D /* ViewController.swift */ = {isa = PBXFileReference; lastKnownFileType = sourcecode.swift; path = ViewController.swift; sourceTree = "<group>"; };
		2D053B4C24FBE357005C193D /* Base */ = {isa = PBXFileReference; lastKnownFileType = file.storyboard; name = Base; path = Base.lproj/Main.storyboard; sourceTree = "<group>"; };
		2D053B4E24FBE358005C193D /* Assets.xcassets */ = {isa = PBXFileReference; lastKnownFileType = folder.assetcatalog; path = Assets.xcassets; sourceTree = "<group>"; };
		2D053B5124FBE358005C193D /* Base */ = {isa = PBXFileReference; lastKnownFileType = file.storyboard; name = Base; path = Base.lproj/LaunchScreen.storyboard; sourceTree = "<group>"; };
		2D053B5324FBE358005C193D /* Info.plist */ = {isa = PBXFileReference; lastKnownFileType = text.plist.xml; path = Info.plist; sourceTree = "<group>"; };
		2D053B5824FBE358005C193D /* Input ListenerUITests.xctest */ = {isa = PBXFileReference; explicitFileType = wrapper.cfbundle; includeInIndex = 0; path = "Input ListenerUITests.xctest"; sourceTree = BUILT_PRODUCTS_DIR; };
		2D053B5C24FBE358005C193D /* Input_ListenerUITests.swift */ = {isa = PBXFileReference; lastKnownFileType = sourcecode.swift; path = Input_ListenerUITests.swift; sourceTree = "<group>"; };
		2D053B5E24FBE358005C193D /* Info.plist */ = {isa = PBXFileReference; lastKnownFileType = text.plist.xml; path = Info.plist; sourceTree = "<group>"; };
		2D053B6824FBE384005C193D /* EBInput.swift */ = {isa = PBXFileReference; lastKnownFileType = sourcecode.swift; path = EBInput.swift; sourceTree = "<group>"; };
		2D053B6A24FBE38E005C193D /* EBInput.xib */ = {isa = PBXFileReference; lastKnownFileType = file.xib; path = EBInput.xib; sourceTree = "<group>"; };
/* End PBXFileReference section */

/* Begin PBXFrameworksBuildPhase section */
		2D053B3F24FBE357005C193D /* Frameworks */ = {
			isa = PBXFrameworksBuildPhase;
			buildActionMask = 2147483647;
			files = (
			);
			runOnlyForDeploymentPostprocessing = 0;
		};
		2D053B5524FBE358005C193D /* Frameworks */ = {
			isa = PBXFrameworksBuildPhase;
			buildActionMask = 2147483647;
			files = (
			);
			runOnlyForDeploymentPostprocessing = 0;
		};
/* End PBXFrameworksBuildPhase section */

/* Begin PBXGroup section */
		2D053B3924FBE357005C193D = {
			isa = PBXGroup;
			children = (
				2D053B4424FBE357005C193D /* Input Listener */,
				2D053B5B24FBE358005C193D /* Input ListenerUITests */,
				2D053B4324FBE357005C193D /* Products */,
			);
			sourceTree = "<group>";
		};
		2D053B4324FBE357005C193D /* Products */ = {
			isa = PBXGroup;
			children = (
				2D053B4224FBE357005C193D /* Input Listener.app */,
				2D053B5824FBE358005C193D /* Input ListenerUITests.xctest */,
			);
			name = Products;
			sourceTree = "<group>";
		};
		2D053B4424FBE357005C193D /* Input Listener */ = {
			isa = PBXGroup;
			children = (
				2D053B6724FBE371005C193D /* Custom Input */,
				2D053B4524FBE357005C193D /* AppDelegate.swift */,
				2D053B4724FBE357005C193D /* SceneDelegate.swift */,
				2D053B4924FBE357005C193D /* ViewController.swift */,
				2D053B4B24FBE357005C193D /* Main.storyboard */,
				2D053B4E24FBE358005C193D /* Assets.xcassets */,
				2D053B5024FBE358005C193D /* LaunchScreen.storyboard */,
				2D053B5324FBE358005C193D /* Info.plist */,
			);
			path = "Input Listener";
			sourceTree = "<group>";
		};
		2D053B5B24FBE358005C193D /* Input ListenerUITests */ = {
			isa = PBXGroup;
			children = (
				2D053B5C24FBE358005C193D /* Input_ListenerUITests.swift */,
				2D053B5E24FBE358005C193D /* Info.plist */,
			);
			path = "Input ListenerUITests";
			sourceTree = "<group>";
		};
		2D053B6724FBE371005C193D /* Custom Input */ = {
			isa = PBXGroup;
			children = (
				2D053B6824FBE384005C193D /* EBInput.swift */,
				2D053B6A24FBE38E005C193D /* EBInput.xib */,
			);
			path = "Custom Input";
			sourceTree = "<group>";
		};
/* End PBXGroup section */

/* Begin PBXNativeTarget section */
		2D053B4124FBE357005C193D /* Input Listener */ = {
			isa = PBXNativeTarget;
			buildConfigurationList = 2D053B6124FBE359005C193D /* Build configuration list for PBXNativeTarget "Input Listener" */;
			buildPhases = (
				2D053B3E24FBE357005C193D /* Sources */,
				2D053B3F24FBE357005C193D /* Frameworks */,
				2D053B4024FBE357005C193D /* Resources */,
			);
			buildRules = (
			);
			dependencies = (
			);
			name = "Input Listener";
			productName = "Input Listener";
			productReference = 2D053B4224FBE357005C193D /* Input Listener.app */;
			productType = "com.apple.product-type.application";
		};
		2D053B5724FBE358005C193D /* Input ListenerUITests */ = {
			isa = PBXNativeTarget;
			buildConfigurationList = 2D053B6424FBE359005C193D /* Build configuration list for PBXNativeTarget "Input ListenerUITests" */;
			buildPhases = (
				2D053B5424FBE358005C193D /* Sources */,
				2D053B5524FBE358005C193D /* Frameworks */,
				2D053B5624FBE358005C193D /* Resources */,
			);
			buildRules = (
			);
			dependencies = (
				2D053B5A24FBE358005C193D /* PBXTargetDependency */,
			);
			name = "Input ListenerUITests";
			productName = "Input ListenerUITests";
			productReference = 2D053B5824FBE358005C193D /* Input ListenerUITests.xctest */;
			productType = "com.apple.product-type.bundle.ui-testing";
		};
/* End PBXNativeTarget section */

/* Begin PBXProject section */
		2D053B3A24FBE357005C193D /* Project object */ = {
			isa = PBXProject;
			attributes = {
				LastSwiftUpdateCheck = 1160;
				LastUpgradeCheck = 1160;
				ORGANIZATIONNAME = "Emir Beytekin";
				TargetAttributes = {
					2D053B4124FBE357005C193D = {
						CreatedOnToolsVersion = 11.6;
					};
					2D053B5724FBE358005C193D = {
						CreatedOnToolsVersion = 11.6;
						TestTargetID = 2D053B4124FBE357005C193D;
					};
				};
			};
			buildConfigurationList = 2D053B3D24FBE357005C193D /* Build configuration list for PBXProject "Input Listener" */;
			compatibilityVersion = "Xcode 9.3";
			developmentRegion = en;
			hasScannedForEncodings = 0;
			knownRegions = (
				en,
				Base,
			);
			mainGroup = 2D053B3924FBE357005C193D;
			productRefGroup = 2D053B4324FBE357005C193D /* Products */;
			projectDirPath = "";
			projectRoot = "";
			targets = (
				2D053B4124FBE357005C193D /* Input Listener */,
				2D053B5724FBE358005C193D /* Input ListenerUITests */,
			);
		};
/* End PBXProject section */

/* Begin PBXResourcesBuildPhase section */
		2D053B4024FBE357005C193D /* Resources */ = {
			isa = PBXResourcesBuildPhase;
			buildActionMask = 2147483647;
			files = (
				2D053B5224FBE358005C193D /* LaunchScreen.storyboard in Resources */,
				2D053B4F24FBE358005C193D /* Assets.xcassets in Resources */,
				2D053B4D24FBE357005C193D /* Main.storyboard in Resources */,
				2D053B6B24FBE38E005C193D /* EBInput.xib in Resources */,
			);
			runOnlyForDeploymentPostprocessing = 0;
		};
		2D053B5624FBE358005C193D /* Resources */ = {
			isa = PBXResourcesBuildPhase;
			buildActionMask = 2147483647;
			files = (
			);
			runOnlyForDeploymentPostprocessing = 0;
		};
/* End PBXResourcesBuildPhase section */

/* Begin PBXSourcesBuildPhase section */
		2D053B3E24FBE357005C193D /* Sources */ = {
			isa = PBXSourcesBuildPhase;
			buildActionMask = 2147483647;
			files = (
				2D053B4A24FBE357005C193D /* ViewController.swift in Sources */,
				2D053B4624FBE357005C193D /* AppDelegate.swift in Sources */,
				2D053B4824FBE357005C193D /* SceneDelegate.swift in Sources */,
				2D053B6924FBE384005C193D /* EBInput.swift in Sources */,
			);
			runOnlyForDeploymentPostprocessing = 0;
		};
		2D053B5424FBE358005C193D /* Sources */ = {
			isa = PBXSourcesBuildPhase;
			buildActionMask = 2147483647;
			files = (
				2D053B5D24FBE358005C193D /* Input_ListenerUITests.swift in Sources */,
			);
			runOnlyForDeploymentPostprocessing = 0;
		};
/* End PBXSourcesBuildPhase section */

/* Begin PBXTargetDependency section */
		2D053B5A24FBE358005C193D /* PBXTargetDependency */ = {
			isa = PBXTargetDependency;
			target = 2D053B4124FBE357005C193D /* Input Listener */;
			targetProxy = 2D053B5924FBE358005C193D /* PBXContainerItemProxy */;
		};
/* End PBXTargetDependency section */

/* Begin PBXVariantGroup section */
		2D053B4B24FBE357005C193D /* Main.storyboard */ = {
			isa = PBXVariantGroup;
			children = (
				2D053B4C24FBE357005C193D /* Base */,
			);
			name = Main.storyboard;
			sourceTree = "<group>";
		};
		2D053B5024FBE358005C193D /* LaunchScreen.storyboard */ = {
			isa = PBXVariantGroup;
			children = (
				2D053B5124FBE358005C193D /* Base */,
			);
			name = LaunchScreen.storyboard;
			sourceTree = "<group>";
		};
/* End PBXVariantGroup section */

/* Begin XCBuildConfiguration section */
		2D053B5F24FBE359005C193D /* Debug */ = {
			isa = XCBuildConfiguration;
			buildSettings = {
				ALWAYS_SEARCH_USER_PATHS = NO;
				CLANG_ANALYZER_NONNULL = YES;
				CLANG_ANALYZER_NUMBER_OBJECT_CONVERSION = YES_AGGRESSIVE;
				CLANG_CXX_LANGUAGE_STANDARD = "gnu++14";
				CLANG_CXX_LIBRARY = "libc++";
				CLANG_ENABLE_MODULES = YES;
				CLANG_ENABLE_OBJC_ARC = YES;
				CLANG_ENABLE_OBJC_WEAK = YES;
				CLANG_WARN_BLOCK_CAPTURE_AUTORELEASING = YES;
				CLANG_WARN_BOOL_CONVERSION = YES;
				CLANG_WARN_COMMA = YES;
				CLANG_WARN_CONSTANT_CONVERSION = YES;
				CLANG_WARN_DEPRECATED_OBJC_IMPLEMENTATIONS = YES;
				CLANG_WARN_DIRECT_OBJC_ISA_USAGE = YES_ERROR;
				CLANG_WARN_DOCUMENTATION_COMMENTS = YES;
				CLANG_WARN_EMPTY_BODY = YES;
				CLANG_WARN_ENUM_CONVERSION = YES;
				CLANG_WARN_INFINITE_RECURSION = YES;
				CLANG_WARN_INT_CONVERSION = YES;
				CLANG_WARN_NON_LITERAL_NULL_CONVERSION = YES;
				CLANG_WARN_OBJC_IMPLICIT_RETAIN_SELF = YES;
				CLANG_WARN_OBJC_LITERAL_CONVERSION = YES;
				CLANG_WARN_OBJC_ROOT_CLASS = YES_ERROR;
				CLANG_WARN_RANGE_LOOP_ANALYSIS = YES;
				CLANG_WARN_STRICT_PROTOTYPES = YES;
				CLANG_WARN_SUSPICIOUS_MOVE = YES;
				CLANG_WARN_UNGUARDED_AVAILABILITY = YES_AGGRESSIVE;
				CLANG_WARN_UNREACHABLE_CODE = YES;
				CLANG_WARN__DUPLICATE_METHOD_MATCH = YES;
				COPY_PHASE_STRIP = NO;
				DEBUG_INFORMATION_FORMAT = dwarf;
				ENABLE_STRICT_OBJC_MSGSEND = YES;
				ENABLE_TESTABILITY = YES;
				GCC_C_LANGUAGE_STANDARD = gnu11;
				GCC_DYNAMIC_NO_PIC = NO;
				GCC_NO_COMMON_BLOCKS = YES;
				GCC_OPTIMIZATION_LEVEL = 0;
				GCC_PREPROCESSOR_DEFINITIONS = (
					"DEBUG=1",
					"$(inherited)",
				);
				GCC_WARN_64_TO_32_BIT_CONVERSION = YES;
				GCC_WARN_ABOUT_RETURN_TYPE = YES_ERROR;
				GCC_WARN_UNDECLARED_SELECTOR = YES;
				GCC_WARN_UNINITIALIZED_AUTOS = YES_AGGRESSIVE;
				GCC_WARN_UNUSED_FUNCTION = YES;
				GCC_WARN_UNUSED_VARIABLE = YES;
				IPHONEOS_DEPLOYMENT_TARGET = 13.6;
				MTL_ENABLE_DEBUG_INFO = INCLUDE_SOURCE;
				MTL_FAST_MATH = YES;
				ONLY_ACTIVE_ARCH = YES;
				SDKROOT = iphoneos;
				SWIFT_ACTIVE_COMPILATION_CONDITIONS = DEBUG;
				SWIFT_OPTIMIZATION_LEVEL = "-Onone";
			};
			name = Debug;
		};
		2D053B6024FBE359005C193D /* Release */ = {
			isa = XCBuildConfiguration;
			buildSettings = {
				ALWAYS_SEARCH_USER_PATHS = NO;
				CLANG_ANALYZER_NONNULL = YES;
				CLANG_ANALYZER_NUMBER_OBJECT_CONVERSION = YES_AGGRESSIVE;
				CLANG_CXX_LANGUAGE_STANDARD = "gnu++14";
				CLANG_CXX_LIBRARY = "libc++";
				CLANG_ENABLE_MODULES = YES;
				CLANG_ENABLE_OBJC_ARC = YES;
				CLANG_ENABLE_OBJC_WEAK = YES;
				CLANG_WARN_BLOCK_CAPTURE_AUTORELEASING = YES;
				CLANG_WARN_BOOL_CONVERSION = YES;
				CLANG_WARN_COMMA = YES;
				CLANG_WARN_CONSTANT_CONVERSION = YES;
				CLANG_WARN_DEPRECATED_OBJC_IMPLEMENTATIONS = YES;
				CLANG_WARN_DIRECT_OBJC_ISA_USAGE = YES_ERROR;
				CLANG_WARN_DOCUMENTATION_COMMENTS = YES;
				CLANG_WARN_EMPTY_BODY = YES;
				CLANG_WARN_ENUM_CONVERSION = YES;
				CLANG_WARN_INFINITE_RECURSION = YES;
				CLANG_WARN_INT_CONVERSION = YES;
				CLANG_WARN_NON_LITERAL_NULL_CONVERSION = YES;
				CLANG_WARN_OBJC_IMPLICIT_RETAIN_SELF = YES;
				CLANG_WARN_OBJC_LITERAL_CONVERSION = YES;
				CLANG_WARN_OBJC_ROOT_CLASS = YES_ERROR;
				CLANG_WARN_RANGE_LOOP_ANALYSIS = YES;
				CLANG_WARN_STRICT_PROTOTYPES = YES;
				CLANG_WARN_SUSPICIOUS_MOVE = YES;
				CLANG_WARN_UNGUARDED_AVAILABILITY = YES_AGGRESSIVE;
				CLANG_WARN_UNREACHABLE_CODE = YES;
				CLANG_WARN__DUPLICATE_METHOD_MATCH = YES;
				COPY_PHASE_STRIP = NO;
				DEBUG_INFORMATION_FORMAT = "dwarf-with-dsym";
				ENABLE_NS_ASSERTIONS = NO;
				ENABLE_STRICT_OBJC_MSGSEND = YES;
				GCC_C_LANGUAGE_STANDARD = gnu11;
				GCC_NO_COMMON_BLOCKS = YES;
				GCC_WARN_64_TO_32_BIT_CONVERSION = YES;
				GCC_WARN_ABOUT_RETURN_TYPE = YES_ERROR;
				GCC_WARN_UNDECLARED_SELECTOR = YES;
				GCC_WARN_UNINITIALIZED_AUTOS = YES_AGGRESSIVE;
				GCC_WARN_UNUSED_FUNCTION = YES;
				GCC_WARN_UNUSED_VARIABLE = YES;
				IPHONEOS_DEPLOYMENT_TARGET = 13.6;
				MTL_ENABLE_DEBUG_INFO = NO;
				MTL_FAST_MATH = YES;
				SDKROOT = iphoneos;
				SWIFT_COMPILATION_MODE = wholemodule;
				SWIFT_OPTIMIZATION_LEVEL = "-O";
				VALIDATE_PRODUCT = YES;
			};
			name = Release;
		};
		2D053B6224FBE359005C193D /* Debug */ = {
			isa = XCBuildConfiguration;
			buildSettings = {
				ASSETCATALOG_COMPILER_APPICON_NAME = AppIcon;
				CODE_SIGN_STYLE = Automatic;
				DEVELOPMENT_TEAM = 3EPV7AGLM2;
				INFOPLIST_FILE = "Input Listener/Info.plist";
				LD_RUNPATH_SEARCH_PATHS = (
					"$(inherited)",
					"@executable_path/Frameworks",
				);
				PRODUCT_BUNDLE_IDENTIFIER = "net.beytekin.Input-Listener";
				PRODUCT_NAME = "$(TARGET_NAME)";
				SWIFT_VERSION = 5.0;
				TARGETED_DEVICE_FAMILY = "1,2";
			};
			name = Debug;
		};
		2D053B6324FBE359005C193D /* Release */ = {
			isa = XCBuildConfiguration;
			buildSettings = {
				ASSETCATALOG_COMPILER_APPICON_NAME = AppIcon;
				CODE_SIGN_STYLE = Automatic;
				DEVELOPMENT_TEAM = 3EPV7AGLM2;
				INFOPLIST_FILE = "Input Listener/Info.plist";
				LD_RUNPATH_SEARCH_PATHS = (
					"$(inherited)",
					"@executable_path/Frameworks",
				);
				PRODUCT_BUNDLE_IDENTIFIER = "net.beytekin.Input-Listener";
				PRODUCT_NAME = "$(TARGET_NAME)";
				SWIFT_VERSION = 5.0;
				TARGETED_DEVICE_FAMILY = "1,2";
			};
			name = Release;
		};
		2D053B6524FBE359005C193D /* Debug */ = {
			isa = XCBuildConfiguration;
			buildSettings = {
				ALWAYS_EMBED_SWIFT_STANDARD_LIBRARIES = YES;
				CODE_SIGN_STYLE = Automatic;
				DEVELOPMENT_TEAM = 3EPV7AGLM2;
				INFOPLIST_FILE = "Input ListenerUITests/Info.plist";
				LD_RUNPATH_SEARCH_PATHS = (
					"$(inherited)",
					"@executable_path/Frameworks",
					"@loader_path/Frameworks",
				);
				PRODUCT_BUNDLE_IDENTIFIER = "net.beytekin.Input-ListenerUITests";
				PRODUCT_NAME = "$(TARGET_NAME)";
				SWIFT_VERSION = 5.0;
				TARGETED_DEVICE_FAMILY = "1,2";
				TEST_TARGET_NAME = "Input Listener";
			};
			name = Debug;
		};
		2D053B6624FBE359005C193D /* Release */ = {
			isa = XCBuildConfiguration;
			buildSettings = {
				ALWAYS_EMBED_SWIFT_STANDARD_LIBRARIES = YES;
				CODE_SIGN_STYLE = Automatic;
				DEVELOPMENT_TEAM = 3EPV7AGLM2;
				INFOPLIST_FILE = "Input ListenerUITests/Info.plist";
				LD_RUNPATH_SEARCH_PATHS = (
					"$(inherited)",
					"@executable_path/Frameworks",
					"@loader_path/Frameworks",
				);
				PRODUCT_BUNDLE_IDENTIFIER = "net.beytekin.Input-ListenerUITests";
				PRODUCT_NAME = "$(TARGET_NAME)";
				SWIFT_VERSION = 5.0;
				TARGETED_DEVICE_FAMILY = "1,2";
				TEST_TARGET_NAME = "Input Listener";
			};
			name = Release;
		};
/* End XCBuildConfiguration section */

/* Begin XCConfigurationList section */
		2D053B3D24FBE357005C193D /* Build configuration list for PBXProject "Input Listener" */ = {
			isa = XCConfigurationList;
			buildConfigurations = (
				2D053B5F24FBE359005C193D /* Debug */,
				2D053B6024FBE359005C193D /* Release */,
			);
			defaultConfigurationIsVisible = 0;
			defaultConfigurationName = Release;
		};
		2D053B6124FBE359005C193D /* Build configuration list for PBXNativeTarget "Input Listener" */ = {
			isa = XCConfigurationList;
			buildConfigurations = (
				2D053B6224FBE359005C193D /* Debug */,
				2D053B6324FBE359005C193D /* Release */,
			);
			defaultConfigurationIsVisible = 0;
			defaultConfigurationName = Release;
		};
		2D053B6424FBE359005C193D /* Build configuration list for PBXNativeTarget "Input ListenerUITests" */ = {
			isa = XCConfigurationList;
			buildConfigurations = (
				2D053B6524FBE359005C193D /* Debug */,
				2D053B6624FBE359005C193D /* Release */,
			);
			defaultConfigurationIsVisible = 0;
			defaultConfigurationName = Release;
		};
/* End XCConfigurationList section */
	};
	rootObject = 2D053B3A24FBE357005C193D /* Project object */;
}
